
Microsoft Visual Studio Solution File, Format Version 12.00
# Visual Studio Version 17
VisualStudioVersion = 17.5.33516.290
MinimumVisualStudioVersion = 10.0.40219.1
Project("{2150E333-8FDC-42A3-9474-1A3956D46DE8}") = "src", "src", "{729C9A16-269E-4907-BB51-4A2985072B43}"
EndProject
Project("{FAE04EC0-301F-11D3-BF4B-00C04F79EFBC}") = "StakeholderAnalysis.App", "src\StakeholderAnalysis.App\StakeholderAnalysis.App.csproj", "{B2DD8757-E9B5-42BF-9602-C9CABE7CB549}"
EndProject
Project("{2150E333-8FDC-42A3-9474-1A3956D46DE8}") = "test", "test", "{181B3BC3-DE8D-4AE7-8E67-91DB884106E4}"
EndProject
Project("{FAE04EC0-301F-11D3-BF4B-00C04F79EFBC}") = "StakeholderAnalysis.Data", "src\StakeholderAnalysis.Data\StakeholderAnalysis.Data.csproj", "{96BE72A1-F5B6-4DA7-A7F7-CB0D3FA69DEC}"
EndProject
Project("{FAE04EC0-301F-11D3-BF4B-00C04F79EFBC}") = "StakeholderAnalysis.Visualization", "src\StakeholderAnalysis.Visualization\StakeholderAnalysis.Visualization.csproj", "{A1B8304F-DB80-4144-918B-558887B97F3B}"
EndProject
Project("{FAE04EC0-301F-11D3-BF4B-00C04F79EFBC}") = "StakeholderAnalysis.Gui", "src\StakeholderAnalysis.Gui\StakeholderAnalysis.Gui.csproj", "{B9D3E8F2-C9B7-4201-8E05-A1C2827822CD}"
EndProject
Project("{FAE04EC0-301F-11D3-BF4B-00C04F79EFBC}") = "StakeholderAnalysis.Messaging", "src\StakeholderAnalysis.Messaging\StakeholderAnalysis.Messaging.csproj", "{1D562DF9-DF35-46FA-B33A-B8AEF5FC7CF0}"
EndProject
Project("{FAE04EC0-301F-11D3-BF4B-00C04F79EFBC}") = "StakeholderAnalysis.Storage", "src\StakeholderAnalysis.Storage\StakeholderAnalysis.Storage.csproj", "{89C312EB-73EC-4254-A6B2-336BA0448B04}"
EndProject
Project("{FAE04EC0-301F-11D3-BF4B-00C04F79EFBC}") = "StakeholderAnalysis.Storage.Test", "test\StakeholderAnalysis.Storage.Test\StakeholderAnalysis.Storage.Test.csproj", "{2F077DEA-2527-434B-8955-2BBB50007B33}"
EndProject
Global
	GlobalSection(SolutionConfigurationPlatforms) = preSolution
		Debug|x64 = Debug|x64
		Release|x64 = Release|x64
	EndGlobalSection
	GlobalSection(ProjectConfigurationPlatforms) = postSolution
		{B2DD8757-E9B5-42BF-9602-C9CABE7CB549}.Debug|x64.ActiveCfg = Debug|x64
		{B2DD8757-E9B5-42BF-9602-C9CABE7CB549}.Debug|x64.Build.0 = Debug|x64
		{B2DD8757-E9B5-42BF-9602-C9CABE7CB549}.Release|x64.ActiveCfg = Release|x64
		{B2DD8757-E9B5-42BF-9602-C9CABE7CB549}.Release|x64.Build.0 = Release|x64
		{96BE72A1-F5B6-4DA7-A7F7-CB0D3FA69DEC}.Debug|x64.ActiveCfg = Debug|x64
		{96BE72A1-F5B6-4DA7-A7F7-CB0D3FA69DEC}.Debug|x64.Build.0 = Debug|x64
		{96BE72A1-F5B6-4DA7-A7F7-CB0D3FA69DEC}.Release|x64.ActiveCfg = Release|x64
		{96BE72A1-F5B6-4DA7-A7F7-CB0D3FA69DEC}.Release|x64.Build.0 = Release|x64
		{A1B8304F-DB80-4144-918B-558887B97F3B}.Debug|x64.ActiveCfg = Debug|x64
		{A1B8304F-DB80-4144-918B-558887B97F3B}.Debug|x64.Build.0 = Debug|x64
		{A1B8304F-DB80-4144-918B-558887B97F3B}.Release|x64.ActiveCfg = Release|x64
		{A1B8304F-DB80-4144-918B-558887B97F3B}.Release|x64.Build.0 = Release|x64
		{B9D3E8F2-C9B7-4201-8E05-A1C2827822CD}.Debug|x64.ActiveCfg = Debug|x64
		{B9D3E8F2-C9B7-4201-8E05-A1C2827822CD}.Debug|x64.Build.0 = Debug|x64
		{B9D3E8F2-C9B7-4201-8E05-A1C2827822CD}.Release|x64.ActiveCfg = Release|x64
		{B9D3E8F2-C9B7-4201-8E05-A1C2827822CD}.Release|x64.Build.0 = Release|x64
		{1D562DF9-DF35-46FA-B33A-B8AEF5FC7CF0}.Debug|x64.ActiveCfg = Debug|x64
		{1D562DF9-DF35-46FA-B33A-B8AEF5FC7CF0}.Debug|x64.Build.0 = Debug|x64
		{1D562DF9-DF35-46FA-B33A-B8AEF5FC7CF0}.Release|x64.ActiveCfg = Release|x64
		{1D562DF9-DF35-46FA-B33A-B8AEF5FC7CF0}.Release|x64.Build.0 = Release|x64
		{89C312EB-73EC-4254-A6B2-336BA0448B04}.Debug|x64.ActiveCfg = Debug|x64
		{89C312EB-73EC-4254-A6B2-336BA0448B04}.Debug|x64.Build.0 = Debug|x64
		{89C312EB-73EC-4254-A6B2-336BA0448B04}.Release|x64.ActiveCfg = Release|x64
		{89C312EB-73EC-4254-A6B2-336BA0448B04}.Release|x64.Build.0 = Release|x64
		{2F077DEA-2527-434B-8955-2BBB50007B33}.Debug|x64.ActiveCfg = Debug|x64
		{2F077DEA-2527-434B-8955-2BBB50007B33}.Debug|x64.Build.0 = Debug|x64
		{2F077DEA-2527-434B-8955-2BBB50007B33}.Release|x64.ActiveCfg = Release|x64
		{2F077DEA-2527-434B-8955-2BBB50007B33}.Release|x64.Build.0 = Release|x64
	EndGlobalSection
	GlobalSection(SolutionProperties) = preSolution
		HideSolutionNode = FALSE
	EndGlobalSection
	GlobalSection(NestedProjects) = preSolution
		{B2DD8757-E9B5-42BF-9602-C9CABE7CB549} = {729C9A16-269E-4907-BB51-4A2985072B43}
		{96BE72A1-F5B6-4DA7-A7F7-CB0D3FA69DEC} = {729C9A16-269E-4907-BB51-4A2985072B43}
		{A1B8304F-DB80-4144-918B-558887B97F3B} = {729C9A16-269E-4907-BB51-4A2985072B43}
		{B9D3E8F2-C9B7-4201-8E05-A1C2827822CD} = {729C9A16-269E-4907-BB51-4A2985072B43}
		{1D562DF9-DF35-46FA-B33A-B8AEF5FC7CF0} = {729C9A16-269E-4907-BB51-4A2985072B43}
		{89C312EB-73EC-4254-A6B2-336BA0448B04} = {729C9A16-269E-4907-BB51-4A2985072B43}
		{2F077DEA-2527-434B-8955-2BBB50007B33} = {181B3BC3-DE8D-4AE7-8E67-91DB884106E4}
	EndGlobalSection
	GlobalSection(ExtensibilityGlobals) = postSolution
		SolutionGuid = {82FE5DCB-03E1-485C-805E-B87D438D5DF9}
	EndGlobalSection
EndGlobal
